
Microsoft Visual Studio Solution File, Format Version 12.00
# Visual Studio Version 17
VisualStudioVersion = 17.0.32126.317
MinimumVisualStudioVersion = 10.0.40219.1
Project("{9A19103F-16F7-4668-BE54-9A1E7A4F7556}") = "SimpleFeed", "SimpleFeed\SimpleFeed.csproj", "{AC49DD4F-7A35-49AC-8612-2DD35C5818F2}"
EndProject
Global
	GlobalSection(SolutionConfigurationPlatforms) = preSolution
		Debug|Any CPU = Debug|Any CPU
		Release|Any CPU = Release|Any CPU
	EndGlobalSection
	GlobalSection(ProjectConfigurationPlatforms) = postSolution
		{AC49DD4F-7A35-49AC-8612-2DD35C5818F2}.Debug|Any CPU.ActiveCfg = Debug|Any CPU
		{AC49DD4F-7A35-49AC-8612-2DD35C5818F2}.Debug|Any CPU.Build.0 = Debug|Any CPU
		{AC49DD4F-7A35-49AC-8612-2DD35C5818F2}.Release|Any CPU.ActiveCfg = Release|Any CPU
		{AC49DD4F-7A35-49AC-8612-2DD35C5818F2}.Release|Any CPU.Build.0 = Release|Any CPU
	EndGlobalSection
	GlobalSection(SolutionProperties) = preSolution
		HideSolutionNode = FALSE
	EndGlobalSection
	GlobalSection(ExtensibilityGlobals) = postSolution
		SolutionGuid = {68D29376-513C-4186-B9DB-29C027BECB6E}
	EndGlobalSection
EndGlobal
