
Microsoft Visual Studio Solution File, Format Version 12.00
# Visual Studio Version 16
VisualStudioVersion = 16.0.28606.126
MinimumVisualStudioVersion = 10.0.40219.1
Project("{9A19103F-16F7-4668-BE54-9A1E7A4F7556}") = "SimpleFeed", "SimpleFeed\SimpleFeed.csproj", "{AC49DD4F-7A35-49AC-8612-2DD35C5818F2}"
EndProject
Project("{9A19103F-16F7-4668-BE54-9A1E7A4F7556}") = "SimpleFeed.Tests", "SimpleFeed.Tests\SimpleFeed.Tests.csproj", "{9C92CCF3-5AA3-41F9-B8D6-A9288C8CE214}"
EndProject
Global
	GlobalSection(SolutionConfigurationPlatforms) = preSolution
		Debug|Any CPU = Debug|Any CPU
		Release|Any CPU = Release|Any CPU
	EndGlobalSection
	GlobalSection(ProjectConfigurationPlatforms) = postSolution
		{AC49DD4F-7A35-49AC-8612-2DD35C5818F2}.Debug|Any CPU.ActiveCfg = Debug|Any CPU
		{AC49DD4F-7A35-49AC-8612-2DD35C5818F2}.Debug|Any CPU.Build.0 = Debug|Any CPU
		{AC49DD4F-7A35-49AC-8612-2DD35C5818F2}.Release|Any CPU.ActiveCfg = Release|Any CPU
		{AC49DD4F-7A35-49AC-8612-2DD35C5818F2}.Release|Any CPU.Build.0 = Release|Any CPU
		{9C92CCF3-5AA3-41F9-B8D6-A9288C8CE214}.Debug|Any CPU.ActiveCfg = Debug|Any CPU
		{9C92CCF3-5AA3-41F9-B8D6-A9288C8CE214}.Debug|Any CPU.Build.0 = Debug|Any CPU
		{9C92CCF3-5AA3-41F9-B8D6-A9288C8CE214}.Release|Any CPU.ActiveCfg = Release|Any CPU
		{9C92CCF3-5AA3-41F9-B8D6-A9288C8CE214}.Release|Any CPU.Build.0 = Release|Any CPU
	EndGlobalSection
	GlobalSection(SolutionProperties) = preSolution
		HideSolutionNode = FALSE
	EndGlobalSection
	GlobalSection(ExtensibilityGlobals) = postSolution
		SolutionGuid = {68D29376-513C-4186-B9DB-29C027BECB6E}
	EndGlobalSection
EndGlobal
